
Microsoft Visual Studio Solution File, Format Version 12.00
# Visual Studio 15
VisualStudioVersion = 15.0.26124.0
MinimumVisualStudioVersion = 15.0.26124.0
Project("{FAE04EC0-301F-11D3-BF4B-00C04F79EFBC}") = "Source", "Source\Source.csproj", "{A9A9B2BD-2D13-44DB-AE35-CF27096B011B}"
EndProject
Project("{FAE04EC0-301F-11D3-BF4B-00C04F79EFBC}") = "UnitTest", "UnitTest\UnitTest.csproj", "{269B2F9E-90B6-4444-9A1F-C451EC6CB745}"
EndProject
Global
	GlobalSection(SolutionConfigurationPlatforms) = preSolution
		Debug|Any CPU = Debug|Any CPU
		Debug|x64 = Debug|x64
		Debug|x86 = Debug|x86
		Release|Any CPU = Release|Any CPU
		Release|x64 = Release|x64
		Release|x86 = Release|x86
	EndGlobalSection
	GlobalSection(SolutionProperties) = preSolution
		HideSolutionNode = FALSE
	EndGlobalSection
	GlobalSection(ProjectConfigurationPlatforms) = postSolution
		{A9A9B2BD-2D13-44DB-AE35-CF27096B011B}.Debug|Any CPU.ActiveCfg = Debug|Any CPU
		{A9A9B2BD-2D13-44DB-AE35-CF27096B011B}.Debug|Any CPU.Build.0 = Debug|Any CPU
		{A9A9B2BD-2D13-44DB-AE35-CF27096B011B}.Debug|x64.ActiveCfg = Debug|x64
		{A9A9B2BD-2D13-44DB-AE35-CF27096B011B}.Debug|x64.Build.0 = Debug|x64
		{A9A9B2BD-2D13-44DB-AE35-CF27096B011B}.Debug|x86.ActiveCfg = Debug|x86
		{A9A9B2BD-2D13-44DB-AE35-CF27096B011B}.Debug|x86.Build.0 = Debug|x86
		{A9A9B2BD-2D13-44DB-AE35-CF27096B011B}.Release|Any CPU.ActiveCfg = Release|Any CPU
		{A9A9B2BD-2D13-44DB-AE35-CF27096B011B}.Release|Any CPU.Build.0 = Release|Any CPU
		{A9A9B2BD-2D13-44DB-AE35-CF27096B011B}.Release|x64.ActiveCfg = Release|x64
		{A9A9B2BD-2D13-44DB-AE35-CF27096B011B}.Release|x64.Build.0 = Release|x64
		{A9A9B2BD-2D13-44DB-AE35-CF27096B011B}.Release|x86.ActiveCfg = Release|x86
		{A9A9B2BD-2D13-44DB-AE35-CF27096B011B}.Release|x86.Build.0 = Release|x86
		{269B2F9E-90B6-4444-9A1F-C451EC6CB745}.Debug|Any CPU.ActiveCfg = Debug|Any CPU
		{269B2F9E-90B6-4444-9A1F-C451EC6CB745}.Debug|Any CPU.Build.0 = Debug|Any CPU
		{269B2F9E-90B6-4444-9A1F-C451EC6CB745}.Debug|x64.ActiveCfg = Debug|x64
		{269B2F9E-90B6-4444-9A1F-C451EC6CB745}.Debug|x64.Build.0 = Debug|x64
		{269B2F9E-90B6-4444-9A1F-C451EC6CB745}.Debug|x86.ActiveCfg = Debug|x86
		{269B2F9E-90B6-4444-9A1F-C451EC6CB745}.Debug|x86.Build.0 = Debug|x86
		{269B2F9E-90B6-4444-9A1F-C451EC6CB745}.Release|Any CPU.ActiveCfg = Release|Any CPU
		{269B2F9E-90B6-4444-9A1F-C451EC6CB745}.Release|Any CPU.Build.0 = Release|Any CPU
		{269B2F9E-90B6-4444-9A1F-C451EC6CB745}.Release|x64.ActiveCfg = Release|x64
		{269B2F9E-90B6-4444-9A1F-C451EC6CB745}.Release|x64.Build.0 = Release|x64
		{269B2F9E-90B6-4444-9A1F-C451EC6CB745}.Release|x86.ActiveCfg = Release|x86
		{269B2F9E-90B6-4444-9A1F-C451EC6CB745}.Release|x86.Build.0 = Release|x86
	EndGlobalSection
EndGlobal
