
Microsoft Visual Studio Solution File, Format Version 12.00
# Visual Studio 15
VisualStudioVersion = 15.0.26124.0
MinimumVisualStudioVersion = 15.0.26124.0
Project("{2150E333-8FDC-42A3-9474-1A3956D46DE8}") = "Tutorial01", "Tutorial01", "{BD7B423D-7631-4543-9DB2-7764C7F143D1}"
EndProject
Project("{FAE04EC0-301F-11D3-BF4B-00C04F79EFBC}") = "Source", "Tutorial01\Source\Source.csproj", "{FFAB66D1-8AB1-4088-B4FF-FE2A66AD5ACB}"
EndProject
Project("{FAE04EC0-301F-11D3-BF4B-00C04F79EFBC}") = "UnitTest", "Tutorial01\UnitTest\UnitTest.csproj", "{0E98E763-9397-42B2-BD7A-5FC25768C448}"
EndProject
Project("{2150E333-8FDC-42A3-9474-1A3956D46DE8}") = "Tutorial02", "Tutorial02", "{4E6B45A8-6A28-4897-BF8F-56AF8DDFD049}"
EndProject
Project("{FAE04EC0-301F-11D3-BF4B-00C04F79EFBC}") = "Source", "Tutorial02\Source\Source.csproj", "{07F9C6BF-E0D1-4234-B153-84DE0A9C0C55}"
EndProject
Project("{FAE04EC0-301F-11D3-BF4B-00C04F79EFBC}") = "UnitTest", "Tutorial02\UnitTest\UnitTest.csproj", "{E8717A33-AD5C-4CC4-B9C0-0D47CBA843CD}"
EndProject
Project("{2150E333-8FDC-42A3-9474-1A3956D46DE8}") = "Tutorial02_Answer", "Tutorial02_Answer", "{B7CDB2E8-6DD4-4A7B-9479-92AAE579E279}"
EndProject
Project("{FAE04EC0-301F-11D3-BF4B-00C04F79EFBC}") = "Source", "Tutorial02_Answer\Source\Source.csproj", "{F2C3ADCE-2797-427F-94FB-0F3CE5BB5834}"
EndProject
Project("{FAE04EC0-301F-11D3-BF4B-00C04F79EFBC}") = "UnitTest", "Tutorial02_Answer\UnitTest\UnitTest.csproj", "{AE717C3B-2595-4F1C-AF76-145D3FAE02A8}"
EndProject
Project("{2150E333-8FDC-42A3-9474-1A3956D46DE8}") = "Tutorial03", "Tutorial03", "{B09EF35E-5BD1-4479-AF40-FF0B7C152CEA}"
EndProject
Project("{FAE04EC0-301F-11D3-BF4B-00C04F79EFBC}") = "Source", "Tutorial03\Source\Source.csproj", "{B66FA1B2-EB4F-44D6-AEC1-F70007BFC603}"
EndProject
Project("{FAE04EC0-301F-11D3-BF4B-00C04F79EFBC}") = "UnitTest", "Tutorial03\UnitTest\UnitTest.csproj", "{DEB0239E-48C5-49F6-8DEE-4DA75F7673C6}"
EndProject
Project("{2150E333-8FDC-42A3-9474-1A3956D46DE8}") = "Tutorial04", "Tutorial04", "{BF0EA762-0200-4941-9664-E8D519C88734}"
EndProject
Project("{FAE04EC0-301F-11D3-BF4B-00C04F79EFBC}") = "Source", "Tutorial04\Source\Source.csproj", "{0F4F8C12-B498-40A3-9CB0-8FEB2700B205}"
EndProject
Project("{FAE04EC0-301F-11D3-BF4B-00C04F79EFBC}") = "UnitTest", "Tutorial04\UnitTest\UnitTest.csproj", "{82DB0984-68D7-4490-83A3-474FA9155B02}"
EndProject
Project("{2150E333-8FDC-42A3-9474-1A3956D46DE8}") = "Tutorial04_Answer", "Tutorial04_Answer", "{889F9C7A-7FB0-4E77-B585-7796B1466316}"
EndProject
Project("{FAE04EC0-301F-11D3-BF4B-00C04F79EFBC}") = "Source", "Tutorial04_Answer\Source\Source.csproj", "{525E4BCD-EC9D-4AF3-A8FD-1E3F09FCC8D2}"
EndProject
Project("{FAE04EC0-301F-11D3-BF4B-00C04F79EFBC}") = "UnitTest", "Tutorial04_Answer\UnitTest\UnitTest.csproj", "{D0BEE8BD-713C-4141-8BD4-7E878BA03997}"
EndProject
Project("{2150E333-8FDC-42A3-9474-1A3956D46DE8}") = "Tutorial05", "Tutorial05", "{E7632E90-7D3A-4CAA-AC02-89A0BA541B56}"
EndProject
Project("{FAE04EC0-301F-11D3-BF4B-00C04F79EFBC}") = "Source", "Tutorial05\Source\Source.csproj", "{0135DC0C-50BF-42D2-845D-EDE746C33F0F}"
EndProject
Project("{FAE04EC0-301F-11D3-BF4B-00C04F79EFBC}") = "UnitTest", "Tutorial05\UnitTest\UnitTest.csproj", "{BC5C2C99-136F-4ED0-8722-C3058DD1D34D}"
EndProject
Global
	GlobalSection(SolutionConfigurationPlatforms) = preSolution
		Debug|Any CPU = Debug|Any CPU
		Debug|x64 = Debug|x64
		Debug|x86 = Debug|x86
		Release|Any CPU = Release|Any CPU
		Release|x64 = Release|x64
		Release|x86 = Release|x86
	EndGlobalSection
	GlobalSection(SolutionProperties) = preSolution
		HideSolutionNode = FALSE
	EndGlobalSection
	GlobalSection(ProjectConfigurationPlatforms) = postSolution
		{FFAB66D1-8AB1-4088-B4FF-FE2A66AD5ACB}.Debug|Any CPU.ActiveCfg = Debug|Any CPU
		{FFAB66D1-8AB1-4088-B4FF-FE2A66AD5ACB}.Debug|Any CPU.Build.0 = Debug|Any CPU
		{FFAB66D1-8AB1-4088-B4FF-FE2A66AD5ACB}.Debug|x64.ActiveCfg = Debug|x64
		{FFAB66D1-8AB1-4088-B4FF-FE2A66AD5ACB}.Debug|x64.Build.0 = Debug|x64
		{FFAB66D1-8AB1-4088-B4FF-FE2A66AD5ACB}.Debug|x86.ActiveCfg = Debug|x86
		{FFAB66D1-8AB1-4088-B4FF-FE2A66AD5ACB}.Debug|x86.Build.0 = Debug|x86
		{FFAB66D1-8AB1-4088-B4FF-FE2A66AD5ACB}.Release|Any CPU.ActiveCfg = Release|Any CPU
		{FFAB66D1-8AB1-4088-B4FF-FE2A66AD5ACB}.Release|Any CPU.Build.0 = Release|Any CPU
		{FFAB66D1-8AB1-4088-B4FF-FE2A66AD5ACB}.Release|x64.ActiveCfg = Release|x64
		{FFAB66D1-8AB1-4088-B4FF-FE2A66AD5ACB}.Release|x64.Build.0 = Release|x64
		{FFAB66D1-8AB1-4088-B4FF-FE2A66AD5ACB}.Release|x86.ActiveCfg = Release|x86
		{FFAB66D1-8AB1-4088-B4FF-FE2A66AD5ACB}.Release|x86.Build.0 = Release|x86
		{0E98E763-9397-42B2-BD7A-5FC25768C448}.Debug|Any CPU.ActiveCfg = Debug|Any CPU
		{0E98E763-9397-42B2-BD7A-5FC25768C448}.Debug|Any CPU.Build.0 = Debug|Any CPU
		{0E98E763-9397-42B2-BD7A-5FC25768C448}.Debug|x64.ActiveCfg = Debug|x64
		{0E98E763-9397-42B2-BD7A-5FC25768C448}.Debug|x64.Build.0 = Debug|x64
		{0E98E763-9397-42B2-BD7A-5FC25768C448}.Debug|x86.ActiveCfg = Debug|x86
		{0E98E763-9397-42B2-BD7A-5FC25768C448}.Debug|x86.Build.0 = Debug|x86
		{0E98E763-9397-42B2-BD7A-5FC25768C448}.Release|Any CPU.ActiveCfg = Release|Any CPU
		{0E98E763-9397-42B2-BD7A-5FC25768C448}.Release|Any CPU.Build.0 = Release|Any CPU
		{0E98E763-9397-42B2-BD7A-5FC25768C448}.Release|x64.ActiveCfg = Release|x64
		{0E98E763-9397-42B2-BD7A-5FC25768C448}.Release|x64.Build.0 = Release|x64
		{0E98E763-9397-42B2-BD7A-5FC25768C448}.Release|x86.ActiveCfg = Release|x86
		{0E98E763-9397-42B2-BD7A-5FC25768C448}.Release|x86.Build.0 = Release|x86
		{07F9C6BF-E0D1-4234-B153-84DE0A9C0C55}.Debug|Any CPU.ActiveCfg = Debug|Any CPU
		{07F9C6BF-E0D1-4234-B153-84DE0A9C0C55}.Debug|Any CPU.Build.0 = Debug|Any CPU
		{07F9C6BF-E0D1-4234-B153-84DE0A9C0C55}.Debug|x64.ActiveCfg = Debug|x64
		{07F9C6BF-E0D1-4234-B153-84DE0A9C0C55}.Debug|x64.Build.0 = Debug|x64
		{07F9C6BF-E0D1-4234-B153-84DE0A9C0C55}.Debug|x86.ActiveCfg = Debug|x86
		{07F9C6BF-E0D1-4234-B153-84DE0A9C0C55}.Debug|x86.Build.0 = Debug|x86
		{07F9C6BF-E0D1-4234-B153-84DE0A9C0C55}.Release|Any CPU.ActiveCfg = Release|Any CPU
		{07F9C6BF-E0D1-4234-B153-84DE0A9C0C55}.Release|Any CPU.Build.0 = Release|Any CPU
		{07F9C6BF-E0D1-4234-B153-84DE0A9C0C55}.Release|x64.ActiveCfg = Release|x64
		{07F9C6BF-E0D1-4234-B153-84DE0A9C0C55}.Release|x64.Build.0 = Release|x64
		{07F9C6BF-E0D1-4234-B153-84DE0A9C0C55}.Release|x86.ActiveCfg = Release|x86
		{07F9C6BF-E0D1-4234-B153-84DE0A9C0C55}.Release|x86.Build.0 = Release|x86
		{E8717A33-AD5C-4CC4-B9C0-0D47CBA843CD}.Debug|Any CPU.ActiveCfg = Debug|Any CPU
		{E8717A33-AD5C-4CC4-B9C0-0D47CBA843CD}.Debug|Any CPU.Build.0 = Debug|Any CPU
		{E8717A33-AD5C-4CC4-B9C0-0D47CBA843CD}.Debug|x64.ActiveCfg = Debug|x64
		{E8717A33-AD5C-4CC4-B9C0-0D47CBA843CD}.Debug|x64.Build.0 = Debug|x64
		{E8717A33-AD5C-4CC4-B9C0-0D47CBA843CD}.Debug|x86.ActiveCfg = Debug|x86
		{E8717A33-AD5C-4CC4-B9C0-0D47CBA843CD}.Debug|x86.Build.0 = Debug|x86
		{E8717A33-AD5C-4CC4-B9C0-0D47CBA843CD}.Release|Any CPU.ActiveCfg = Release|Any CPU
		{E8717A33-AD5C-4CC4-B9C0-0D47CBA843CD}.Release|Any CPU.Build.0 = Release|Any CPU
		{E8717A33-AD5C-4CC4-B9C0-0D47CBA843CD}.Release|x64.ActiveCfg = Release|x64
		{E8717A33-AD5C-4CC4-B9C0-0D47CBA843CD}.Release|x64.Build.0 = Release|x64
		{E8717A33-AD5C-4CC4-B9C0-0D47CBA843CD}.Release|x86.ActiveCfg = Release|x86
		{E8717A33-AD5C-4CC4-B9C0-0D47CBA843CD}.Release|x86.Build.0 = Release|x86
		{F2C3ADCE-2797-427F-94FB-0F3CE5BB5834}.Debug|Any CPU.ActiveCfg = Debug|Any CPU
		{F2C3ADCE-2797-427F-94FB-0F3CE5BB5834}.Debug|Any CPU.Build.0 = Debug|Any CPU
		{F2C3ADCE-2797-427F-94FB-0F3CE5BB5834}.Debug|x64.ActiveCfg = Debug|x64
		{F2C3ADCE-2797-427F-94FB-0F3CE5BB5834}.Debug|x64.Build.0 = Debug|x64
		{F2C3ADCE-2797-427F-94FB-0F3CE5BB5834}.Debug|x86.ActiveCfg = Debug|x86
		{F2C3ADCE-2797-427F-94FB-0F3CE5BB5834}.Debug|x86.Build.0 = Debug|x86
		{F2C3ADCE-2797-427F-94FB-0F3CE5BB5834}.Release|Any CPU.ActiveCfg = Release|Any CPU
		{F2C3ADCE-2797-427F-94FB-0F3CE5BB5834}.Release|Any CPU.Build.0 = Release|Any CPU
		{F2C3ADCE-2797-427F-94FB-0F3CE5BB5834}.Release|x64.ActiveCfg = Release|x64
		{F2C3ADCE-2797-427F-94FB-0F3CE5BB5834}.Release|x64.Build.0 = Release|x64
		{F2C3ADCE-2797-427F-94FB-0F3CE5BB5834}.Release|x86.ActiveCfg = Release|x86
		{F2C3ADCE-2797-427F-94FB-0F3CE5BB5834}.Release|x86.Build.0 = Release|x86
		{AE717C3B-2595-4F1C-AF76-145D3FAE02A8}.Debug|Any CPU.ActiveCfg = Debug|Any CPU
		{AE717C3B-2595-4F1C-AF76-145D3FAE02A8}.Debug|Any CPU.Build.0 = Debug|Any CPU
		{AE717C3B-2595-4F1C-AF76-145D3FAE02A8}.Debug|x64.ActiveCfg = Debug|x64
		{AE717C3B-2595-4F1C-AF76-145D3FAE02A8}.Debug|x64.Build.0 = Debug|x64
		{AE717C3B-2595-4F1C-AF76-145D3FAE02A8}.Debug|x86.ActiveCfg = Debug|x86
		{AE717C3B-2595-4F1C-AF76-145D3FAE02A8}.Debug|x86.Build.0 = Debug|x86
		{AE717C3B-2595-4F1C-AF76-145D3FAE02A8}.Release|Any CPU.ActiveCfg = Release|Any CPU
		{AE717C3B-2595-4F1C-AF76-145D3FAE02A8}.Release|Any CPU.Build.0 = Release|Any CPU
		{AE717C3B-2595-4F1C-AF76-145D3FAE02A8}.Release|x64.ActiveCfg = Release|x64
		{AE717C3B-2595-4F1C-AF76-145D3FAE02A8}.Release|x64.Build.0 = Release|x64
		{AE717C3B-2595-4F1C-AF76-145D3FAE02A8}.Release|x86.ActiveCfg = Release|x86
		{AE717C3B-2595-4F1C-AF76-145D3FAE02A8}.Release|x86.Build.0 = Release|x86
		{B66FA1B2-EB4F-44D6-AEC1-F70007BFC603}.Debug|Any CPU.ActiveCfg = Debug|Any CPU
		{B66FA1B2-EB4F-44D6-AEC1-F70007BFC603}.Debug|Any CPU.Build.0 = Debug|Any CPU
		{B66FA1B2-EB4F-44D6-AEC1-F70007BFC603}.Debug|x64.ActiveCfg = Debug|x64
		{B66FA1B2-EB4F-44D6-AEC1-F70007BFC603}.Debug|x64.Build.0 = Debug|x64
		{B66FA1B2-EB4F-44D6-AEC1-F70007BFC603}.Debug|x86.ActiveCfg = Debug|x86
		{B66FA1B2-EB4F-44D6-AEC1-F70007BFC603}.Debug|x86.Build.0 = Debug|x86
		{B66FA1B2-EB4F-44D6-AEC1-F70007BFC603}.Release|Any CPU.ActiveCfg = Release|Any CPU
		{B66FA1B2-EB4F-44D6-AEC1-F70007BFC603}.Release|Any CPU.Build.0 = Release|Any CPU
		{B66FA1B2-EB4F-44D6-AEC1-F70007BFC603}.Release|x64.ActiveCfg = Release|x64
		{B66FA1B2-EB4F-44D6-AEC1-F70007BFC603}.Release|x64.Build.0 = Release|x64
		{B66FA1B2-EB4F-44D6-AEC1-F70007BFC603}.Release|x86.ActiveCfg = Release|x86
		{B66FA1B2-EB4F-44D6-AEC1-F70007BFC603}.Release|x86.Build.0 = Release|x86
		{DEB0239E-48C5-49F6-8DEE-4DA75F7673C6}.Debug|Any CPU.ActiveCfg = Debug|Any CPU
		{DEB0239E-48C5-49F6-8DEE-4DA75F7673C6}.Debug|Any CPU.Build.0 = Debug|Any CPU
		{DEB0239E-48C5-49F6-8DEE-4DA75F7673C6}.Debug|x64.ActiveCfg = Debug|x64
		{DEB0239E-48C5-49F6-8DEE-4DA75F7673C6}.Debug|x64.Build.0 = Debug|x64
		{DEB0239E-48C5-49F6-8DEE-4DA75F7673C6}.Debug|x86.ActiveCfg = Debug|x86
		{DEB0239E-48C5-49F6-8DEE-4DA75F7673C6}.Debug|x86.Build.0 = Debug|x86
		{DEB0239E-48C5-49F6-8DEE-4DA75F7673C6}.Release|Any CPU.ActiveCfg = Release|Any CPU
		{DEB0239E-48C5-49F6-8DEE-4DA75F7673C6}.Release|Any CPU.Build.0 = Release|Any CPU
		{DEB0239E-48C5-49F6-8DEE-4DA75F7673C6}.Release|x64.ActiveCfg = Release|x64
		{DEB0239E-48C5-49F6-8DEE-4DA75F7673C6}.Release|x64.Build.0 = Release|x64
		{DEB0239E-48C5-49F6-8DEE-4DA75F7673C6}.Release|x86.ActiveCfg = Release|x86
		{DEB0239E-48C5-49F6-8DEE-4DA75F7673C6}.Release|x86.Build.0 = Release|x86
		{0F4F8C12-B498-40A3-9CB0-8FEB2700B205}.Debug|Any CPU.ActiveCfg = Debug|Any CPU
		{0F4F8C12-B498-40A3-9CB0-8FEB2700B205}.Debug|Any CPU.Build.0 = Debug|Any CPU
		{0F4F8C12-B498-40A3-9CB0-8FEB2700B205}.Debug|x64.ActiveCfg = Debug|x64
		{0F4F8C12-B498-40A3-9CB0-8FEB2700B205}.Debug|x64.Build.0 = Debug|x64
		{0F4F8C12-B498-40A3-9CB0-8FEB2700B205}.Debug|x86.ActiveCfg = Debug|x86
		{0F4F8C12-B498-40A3-9CB0-8FEB2700B205}.Debug|x86.Build.0 = Debug|x86
		{0F4F8C12-B498-40A3-9CB0-8FEB2700B205}.Release|Any CPU.ActiveCfg = Release|Any CPU
		{0F4F8C12-B498-40A3-9CB0-8FEB2700B205}.Release|Any CPU.Build.0 = Release|Any CPU
		{0F4F8C12-B498-40A3-9CB0-8FEB2700B205}.Release|x64.ActiveCfg = Release|x64
		{0F4F8C12-B498-40A3-9CB0-8FEB2700B205}.Release|x64.Build.0 = Release|x64
		{0F4F8C12-B498-40A3-9CB0-8FEB2700B205}.Release|x86.ActiveCfg = Release|x86
		{0F4F8C12-B498-40A3-9CB0-8FEB2700B205}.Release|x86.Build.0 = Release|x86
		{82DB0984-68D7-4490-83A3-474FA9155B02}.Debug|Any CPU.ActiveCfg = Debug|Any CPU
		{82DB0984-68D7-4490-83A3-474FA9155B02}.Debug|Any CPU.Build.0 = Debug|Any CPU
		{82DB0984-68D7-4490-83A3-474FA9155B02}.Debug|x64.ActiveCfg = Debug|x64
		{82DB0984-68D7-4490-83A3-474FA9155B02}.Debug|x64.Build.0 = Debug|x64
		{82DB0984-68D7-4490-83A3-474FA9155B02}.Debug|x86.ActiveCfg = Debug|x86
		{82DB0984-68D7-4490-83A3-474FA9155B02}.Debug|x86.Build.0 = Debug|x86
		{82DB0984-68D7-4490-83A3-474FA9155B02}.Release|Any CPU.ActiveCfg = Release|Any CPU
		{82DB0984-68D7-4490-83A3-474FA9155B02}.Release|Any CPU.Build.0 = Release|Any CPU
		{82DB0984-68D7-4490-83A3-474FA9155B02}.Release|x64.ActiveCfg = Release|x64
		{82DB0984-68D7-4490-83A3-474FA9155B02}.Release|x64.Build.0 = Release|x64
		{82DB0984-68D7-4490-83A3-474FA9155B02}.Release|x86.ActiveCfg = Release|x86
		{82DB0984-68D7-4490-83A3-474FA9155B02}.Release|x86.Build.0 = Release|x86
		{525E4BCD-EC9D-4AF3-A8FD-1E3F09FCC8D2}.Debug|Any CPU.ActiveCfg = Debug|Any CPU
		{525E4BCD-EC9D-4AF3-A8FD-1E3F09FCC8D2}.Debug|Any CPU.Build.0 = Debug|Any CPU
		{525E4BCD-EC9D-4AF3-A8FD-1E3F09FCC8D2}.Debug|x64.ActiveCfg = Debug|x64
		{525E4BCD-EC9D-4AF3-A8FD-1E3F09FCC8D2}.Debug|x64.Build.0 = Debug|x64
		{525E4BCD-EC9D-4AF3-A8FD-1E3F09FCC8D2}.Debug|x86.ActiveCfg = Debug|x86
		{525E4BCD-EC9D-4AF3-A8FD-1E3F09FCC8D2}.Debug|x86.Build.0 = Debug|x86
		{525E4BCD-EC9D-4AF3-A8FD-1E3F09FCC8D2}.Release|Any CPU.ActiveCfg = Release|Any CPU
		{525E4BCD-EC9D-4AF3-A8FD-1E3F09FCC8D2}.Release|Any CPU.Build.0 = Release|Any CPU
		{525E4BCD-EC9D-4AF3-A8FD-1E3F09FCC8D2}.Release|x64.ActiveCfg = Release|x64
		{525E4BCD-EC9D-4AF3-A8FD-1E3F09FCC8D2}.Release|x64.Build.0 = Release|x64
		{525E4BCD-EC9D-4AF3-A8FD-1E3F09FCC8D2}.Release|x86.ActiveCfg = Release|x86
		{525E4BCD-EC9D-4AF3-A8FD-1E3F09FCC8D2}.Release|x86.Build.0 = Release|x86
		{D0BEE8BD-713C-4141-8BD4-7E878BA03997}.Debug|Any CPU.ActiveCfg = Debug|Any CPU
		{D0BEE8BD-713C-4141-8BD4-7E878BA03997}.Debug|Any CPU.Build.0 = Debug|Any CPU
		{D0BEE8BD-713C-4141-8BD4-7E878BA03997}.Debug|x64.ActiveCfg = Debug|x64
		{D0BEE8BD-713C-4141-8BD4-7E878BA03997}.Debug|x64.Build.0 = Debug|x64
		{D0BEE8BD-713C-4141-8BD4-7E878BA03997}.Debug|x86.ActiveCfg = Debug|x86
		{D0BEE8BD-713C-4141-8BD4-7E878BA03997}.Debug|x86.Build.0 = Debug|x86
		{D0BEE8BD-713C-4141-8BD4-7E878BA03997}.Release|Any CPU.ActiveCfg = Release|Any CPU
		{D0BEE8BD-713C-4141-8BD4-7E878BA03997}.Release|Any CPU.Build.0 = Release|Any CPU
		{D0BEE8BD-713C-4141-8BD4-7E878BA03997}.Release|x64.ActiveCfg = Release|x64
		{D0BEE8BD-713C-4141-8BD4-7E878BA03997}.Release|x64.Build.0 = Release|x64
		{D0BEE8BD-713C-4141-8BD4-7E878BA03997}.Release|x86.ActiveCfg = Release|x86
		{D0BEE8BD-713C-4141-8BD4-7E878BA03997}.Release|x86.Build.0 = Release|x86
		{0135DC0C-50BF-42D2-845D-EDE746C33F0F}.Debug|Any CPU.ActiveCfg = Debug|Any CPU
		{0135DC0C-50BF-42D2-845D-EDE746C33F0F}.Debug|Any CPU.Build.0 = Debug|Any CPU
		{0135DC0C-50BF-42D2-845D-EDE746C33F0F}.Debug|x64.ActiveCfg = Debug|x64
		{0135DC0C-50BF-42D2-845D-EDE746C33F0F}.Debug|x64.Build.0 = Debug|x64
		{0135DC0C-50BF-42D2-845D-EDE746C33F0F}.Debug|x86.ActiveCfg = Debug|x86
		{0135DC0C-50BF-42D2-845D-EDE746C33F0F}.Debug|x86.Build.0 = Debug|x86
		{0135DC0C-50BF-42D2-845D-EDE746C33F0F}.Release|Any CPU.ActiveCfg = Release|Any CPU
		{0135DC0C-50BF-42D2-845D-EDE746C33F0F}.Release|Any CPU.Build.0 = Release|Any CPU
		{0135DC0C-50BF-42D2-845D-EDE746C33F0F}.Release|x64.ActiveCfg = Release|x64
		{0135DC0C-50BF-42D2-845D-EDE746C33F0F}.Release|x64.Build.0 = Release|x64
		{0135DC0C-50BF-42D2-845D-EDE746C33F0F}.Release|x86.ActiveCfg = Release|x86
		{0135DC0C-50BF-42D2-845D-EDE746C33F0F}.Release|x86.Build.0 = Release|x86
		{BC5C2C99-136F-4ED0-8722-C3058DD1D34D}.Debug|Any CPU.ActiveCfg = Debug|Any CPU
		{BC5C2C99-136F-4ED0-8722-C3058DD1D34D}.Debug|Any CPU.Build.0 = Debug|Any CPU
		{BC5C2C99-136F-4ED0-8722-C3058DD1D34D}.Debug|x64.ActiveCfg = Debug|x64
		{BC5C2C99-136F-4ED0-8722-C3058DD1D34D}.Debug|x64.Build.0 = Debug|x64
		{BC5C2C99-136F-4ED0-8722-C3058DD1D34D}.Debug|x86.ActiveCfg = Debug|x86
		{BC5C2C99-136F-4ED0-8722-C3058DD1D34D}.Debug|x86.Build.0 = Debug|x86
		{BC5C2C99-136F-4ED0-8722-C3058DD1D34D}.Release|Any CPU.ActiveCfg = Release|Any CPU
		{BC5C2C99-136F-4ED0-8722-C3058DD1D34D}.Release|Any CPU.Build.0 = Release|Any CPU
		{BC5C2C99-136F-4ED0-8722-C3058DD1D34D}.Release|x64.ActiveCfg = Release|x64
		{BC5C2C99-136F-4ED0-8722-C3058DD1D34D}.Release|x64.Build.0 = Release|x64
		{BC5C2C99-136F-4ED0-8722-C3058DD1D34D}.Release|x86.ActiveCfg = Release|x86
		{BC5C2C99-136F-4ED0-8722-C3058DD1D34D}.Release|x86.Build.0 = Release|x86
	EndGlobalSection
	GlobalSection(NestedProjects) = preSolution
		{FFAB66D1-8AB1-4088-B4FF-FE2A66AD5ACB} = {BD7B423D-7631-4543-9DB2-7764C7F143D1}
		{0E98E763-9397-42B2-BD7A-5FC25768C448} = {BD7B423D-7631-4543-9DB2-7764C7F143D1}
		{07F9C6BF-E0D1-4234-B153-84DE0A9C0C55} = {4E6B45A8-6A28-4897-BF8F-56AF8DDFD049}
		{E8717A33-AD5C-4CC4-B9C0-0D47CBA843CD} = {4E6B45A8-6A28-4897-BF8F-56AF8DDFD049}
		{F2C3ADCE-2797-427F-94FB-0F3CE5BB5834} = {B7CDB2E8-6DD4-4A7B-9479-92AAE579E279}
		{AE717C3B-2595-4F1C-AF76-145D3FAE02A8} = {B7CDB2E8-6DD4-4A7B-9479-92AAE579E279}
		{B66FA1B2-EB4F-44D6-AEC1-F70007BFC603} = {B09EF35E-5BD1-4479-AF40-FF0B7C152CEA}
		{DEB0239E-48C5-49F6-8DEE-4DA75F7673C6} = {B09EF35E-5BD1-4479-AF40-FF0B7C152CEA}
		{0F4F8C12-B498-40A3-9CB0-8FEB2700B205} = {BF0EA762-0200-4941-9664-E8D519C88734}
		{82DB0984-68D7-4490-83A3-474FA9155B02} = {BF0EA762-0200-4941-9664-E8D519C88734}
		{525E4BCD-EC9D-4AF3-A8FD-1E3F09FCC8D2} = {889F9C7A-7FB0-4E77-B585-7796B1466316}
		{D0BEE8BD-713C-4141-8BD4-7E878BA03997} = {889F9C7A-7FB0-4E77-B585-7796B1466316}
		{0135DC0C-50BF-42D2-845D-EDE746C33F0F} = {E7632E90-7D3A-4CAA-AC02-89A0BA541B56}
		{BC5C2C99-136F-4ED0-8722-C3058DD1D34D} = {E7632E90-7D3A-4CAA-AC02-89A0BA541B56}
	EndGlobalSection
EndGlobal
